
Microsoft Visual Studio Solution File, Format Version 12.00
# Visual Studio Version 17
VisualStudioVersion = 17.5.33530.505
MinimumVisualStudioVersion = 10.0.40219.1
Project("{FAE04EC0-301F-11D3-BF4B-00C04F79EFBC}") = "Calculator", "Calculator\Calculator.csproj", "{D5519964-5069-4C50-AA26-46D6EB8374F1}"
EndProject
Global
	GlobalSection(SolutionConfigurationPlatforms) = preSolution
		Debug|Any CPU = Debug|Any CPU
		Release|Any CPU = Release|Any CPU
	EndGlobalSection
	GlobalSection(ProjectConfigurationPlatforms) = postSolution
		{D5519964-5069-4C50-AA26-46D6EB8374F1}.Debug|Any CPU.ActiveCfg = Debug|Any CPU
		{D5519964-5069-4C50-AA26-46D6EB8374F1}.Debug|Any CPU.Build.0 = Debug|Any CPU
		{D5519964-5069-4C50-AA26-46D6EB8374F1}.Release|Any CPU.ActiveCfg = Release|Any CPU
		{D5519964-5069-4C50-AA26-46D6EB8374F1}.Release|Any CPU.Build.0 = Release|Any CPU
	EndGlobalSection
	GlobalSection(SolutionProperties) = preSolution
		HideSolutionNode = FALSE
	EndGlobalSection
	GlobalSection(ExtensibilityGlobals) = postSolution
		SolutionGuid = {2FCE50AA-C2DB-4972-A791-E26B3DADD1A5}
	EndGlobalSection
EndGlobal
